
Microsoft Visual Studio Solution File, Format Version 12.00
# Visual Studio 15
VisualStudioVersion = 15.0.27703.2042
MinimumVisualStudioVersion = 10.0.40219.1
Project("{FAE04EC0-301F-11D3-BF4B-00C04F79EFBC}") = "UnitTests.DailyChallenge", "Modules\UnitTests.DailyChallenge\UnitTests.DailyChallenge.csproj", "{4FF5E9C4-9821-4CA9-B93A-D9E2F7143E4E}"
EndProject
Project("{FAE04EC0-301F-11D3-BF4B-00C04F79EFBC}") = "DailyChallenge", "Modules\DailyChallenge\DailyChallenge.csproj", "{BDFFBCDB-F8D6-4B2B-A19D-6A4606394EA2}"
EndProject
Global
	GlobalSection(SolutionConfigurationPlatforms) = preSolution
		Debug|Any CPU = Debug|Any CPU
		Release|Any CPU = Release|Any CPU
	EndGlobalSection
	GlobalSection(ProjectConfigurationPlatforms) = postSolution
		{4FF5E9C4-9821-4CA9-B93A-D9E2F7143E4E}.Debug|Any CPU.ActiveCfg = Debug|Any CPU
		{4FF5E9C4-9821-4CA9-B93A-D9E2F7143E4E}.Debug|Any CPU.Build.0 = Debug|Any CPU
		{4FF5E9C4-9821-4CA9-B93A-D9E2F7143E4E}.Release|Any CPU.ActiveCfg = Release|Any CPU
		{4FF5E9C4-9821-4CA9-B93A-D9E2F7143E4E}.Release|Any CPU.Build.0 = Release|Any CPU
		{BDFFBCDB-F8D6-4B2B-A19D-6A4606394EA2}.Debug|Any CPU.ActiveCfg = Debug|Any CPU
		{BDFFBCDB-F8D6-4B2B-A19D-6A4606394EA2}.Debug|Any CPU.Build.0 = Debug|Any CPU
		{BDFFBCDB-F8D6-4B2B-A19D-6A4606394EA2}.Release|Any CPU.ActiveCfg = Release|Any CPU
		{BDFFBCDB-F8D6-4B2B-A19D-6A4606394EA2}.Release|Any CPU.Build.0 = Release|Any CPU
	EndGlobalSection
	GlobalSection(SolutionProperties) = preSolution
		HideSolutionNode = FALSE
	EndGlobalSection
	GlobalSection(ExtensibilityGlobals) = postSolution
		SolutionGuid = {A3B95648-E452-4CC1-B3D5-9C2EFEF433A2}
	EndGlobalSection
EndGlobal
